
Microsoft Visual Studio Solution File, Format Version 12.00
# Visual Studio Version 17
VisualStudioVersion = 17.10.34916.146
MinimumVisualStudioVersion = 10.0.40219.1
Project("{FAE04EC0-301F-11D3-BF4B-00C04F79EFBC}") = "FNFNewBot", "FNFNewBot\FNFNewBot.csproj", "{F5E7EF74-FA5B-4DFD-A108-EB2503D34C69}"
EndProject
Global
	GlobalSection(SolutionConfigurationPlatforms) = preSolution
		Debug|Any CPU = Debug|Any CPU
		Release|Any CPU = Release|Any CPU
	EndGlobalSection
	GlobalSection(ProjectConfigurationPlatforms) = postSolution
		{F5E7EF74-FA5B-4DFD-A108-EB2503D34C69}.Debug|Any CPU.ActiveCfg = Debug|Any CPU
		{F5E7EF74-FA5B-4DFD-A108-EB2503D34C69}.Debug|Any CPU.Build.0 = Debug|Any CPU
		{F5E7EF74-FA5B-4DFD-A108-EB2503D34C69}.Release|Any CPU.ActiveCfg = Release|Any CPU
		{F5E7EF74-FA5B-4DFD-A108-EB2503D34C69}.Release|Any CPU.Build.0 = Release|Any CPU
	EndGlobalSection
	GlobalSection(SolutionProperties) = preSolution
		HideSolutionNode = FALSE
	EndGlobalSection
	GlobalSection(ExtensibilityGlobals) = postSolution
		SolutionGuid = {2ACBD569-C410-4081-83CE-47D7AB288B75}
	EndGlobalSection
EndGlobal
